
Microsoft Visual Studio Solution File, Format Version 12.00
# Visual Studio Version 17
VisualStudioVersion = 17.11.35312.102
MinimumVisualStudioVersion = 10.0.40219.1
Project("{FAE04EC0-301F-11D3-BF4B-00C04F79EFBC}") = "Web-Influx-Test", "Web-Influx-Test.csproj", "{5BBF2529-41F2-4195-A9CA-19FD6B7BC361}"
EndProject
Global
	GlobalSection(SolutionConfigurationPlatforms) = preSolution
		Debug|Any CPU = Debug|Any CPU
		Release|Any CPU = Release|Any CPU
	EndGlobalSection
	GlobalSection(ProjectConfigurationPlatforms) = postSolution
		{5BBF2529-41F2-4195-A9CA-19FD6B7BC361}.Debug|Any CPU.ActiveCfg = Debug|Any CPU
		{5BBF2529-41F2-4195-A9CA-19FD6B7BC361}.Debug|Any CPU.Build.0 = Debug|Any CPU
		{5BBF2529-41F2-4195-A9CA-19FD6B7BC361}.Release|Any CPU.ActiveCfg = Release|Any CPU
		{5BBF2529-41F2-4195-A9CA-19FD6B7BC361}.Release|Any CPU.Build.0 = Release|Any CPU
	EndGlobalSection
	GlobalSection(SolutionProperties) = preSolution
		HideSolutionNode = FALSE
	EndGlobalSection
	GlobalSection(ExtensibilityGlobals) = postSolution
		SolutionGuid = {D7EAD9D0-8AE6-423E-B594-5155EE1096C6}
	EndGlobalSection
EndGlobal
